// !$*UTF8*$!
{
	archiveVersion = 1;
	classes = {
	};
	objectVersion = 46;
	objects = {

/* Begin PBXBuildFile section */
		220645FA1D2F84DB001D1F4C /* GoogleService-Info.plist in Resources */ = {isa = PBXBuildFile; fileRef = 220645F91D2F84DB001D1F4C /* GoogleService-Info.plist */; };
		220645FD1D2F93E1001D1F4C /* Listing.swift in Sources */ = {isa = PBXBuildFile; fileRef = 220645FC1D2F93E1001D1F4C /* Listing.swift */; };
		220645FF1D2F99AD001D1F4C /* TabBarController.swift in Sources */ = {isa = PBXBuildFile; fileRef = 220645FE1D2F99AD001D1F4C /* TabBarController.swift */; };
		220EC2D91D2FBAE00003D129 /* City.swift in Sources */ = {isa = PBXBuildFile; fileRef = 220EC2D81D2FBAE00003D129 /* City.swift */; };
		220EC2DB1D2FBB6C0003D129 /* Place.swift in Sources */ = {isa = PBXBuildFile; fileRef = 220EC2DA1D2FBB6C0003D129 /* Place.swift */; };
		220EC2DD1D2FBB7C0003D129 /* User.swift in Sources */ = {isa = PBXBuildFile; fileRef = 220EC2DC1D2FBB7C0003D129 /* User.swift */; };
		2258150F1D2F274B00F926E4 /* AppDelegate.swift in Sources */ = {isa = PBXBuildFile; fileRef = 2258150E1D2F274B00F926E4 /* AppDelegate.swift */; };
		225815141D2F274B00F926E4 /* SignIn.storyboard in Resources */ = {isa = PBXBuildFile; fileRef = 225815121D2F274B00F926E4 /* SignIn.storyboard */; };
		225815161D2F274B00F926E4 /* Assets.xcassets in Resources */ = {isa = PBXBuildFile; fileRef = 225815151D2F274B00F926E4 /* Assets.xcassets */; };
		225815191D2F274B00F926E4 /* LaunchScreen.storyboard in Resources */ = {isa = PBXBuildFile; fileRef = 225815171D2F274B00F926E4 /* LaunchScreen.storyboard */; };
		22852DA11D2F572300AEAF46 /* DispatchViewController.swift in Sources */ = {isa = PBXBuildFile; fileRef = 22852DA01D2F572300AEAF46 /* DispatchViewController.swift */; };
		22DB41961D2F5C70002B6A8D /* Main.storyboard in Resources */ = {isa = PBXBuildFile; fileRef = 22DB41941D2F5C70002B6A8D /* Main.storyboard */; };
		22DB41981D2F5F35002B6A8D /* ListingsViewController.swift in Sources */ = {isa = PBXBuildFile; fileRef = 22DB41971D2F5F35002B6A8D /* ListingsViewController.swift */; };
		22DB419C1D2F605A002B6A8D /* ListingCell.swift in Sources */ = {isa = PBXBuildFile; fileRef = 22DB419B1D2F605A002B6A8D /* ListingCell.swift */; };
		4F794DA81FD435969A5D0FF3 /* Pods_FeedMe.framework in Frameworks */ = {isa = PBXBuildFile; fileRef = D4CE8F3F21854C1EA3B21F9B /* Pods_FeedMe.framework */; };
/* End PBXBuildFile section */

/* Begin PBXFileReference section */
		220645F91D2F84DB001D1F4C /* GoogleService-Info.plist */ = {isa = PBXFileReference; fileEncoding = 4; lastKnownFileType = text.plist.xml; name = "GoogleService-Info.plist"; path = "FeedMe/GoogleService-Info.plist"; sourceTree = "<group>"; };
		220645FC1D2F93E1001D1F4C /* Listing.swift */ = {isa = PBXFileReference; fileEncoding = 4; lastKnownFileType = sourcecode.swift; name = Listing.swift; path = Models/Listing.swift; sourceTree = "<group>"; };
		220645FE1D2F99AD001D1F4C /* TabBarController.swift */ = {isa = PBXFileReference; fileEncoding = 4; lastKnownFileType = sourcecode.swift; name = TabBarController.swift; path = ViewControllers/TabBarController.swift; sourceTree = "<group>"; };
		220EC2D81D2FBAE00003D129 /* City.swift */ = {isa = PBXFileReference; fileEncoding = 4; lastKnownFileType = sourcecode.swift; name = City.swift; path = Models/City.swift; sourceTree = "<group>"; };
		220EC2DA1D2FBB6C0003D129 /* Place.swift */ = {isa = PBXFileReference; fileEncoding = 4; lastKnownFileType = sourcecode.swift; name = Place.swift; path = Models/Place.swift; sourceTree = "<group>"; };
		220EC2DC1D2FBB7C0003D129 /* User.swift */ = {isa = PBXFileReference; fileEncoding = 4; lastKnownFileType = sourcecode.swift; name = User.swift; path = Models/User.swift; sourceTree = "<group>"; };
		2258150B1D2F274B00F926E4 /* FeedMe.app */ = {isa = PBXFileReference; explicitFileType = wrapper.application; includeInIndex = 0; path = FeedMe.app; sourceTree = BUILT_PRODUCTS_DIR; };
		2258150E1D2F274B00F926E4 /* AppDelegate.swift */ = {isa = PBXFileReference; lastKnownFileType = sourcecode.swift; path = AppDelegate.swift; sourceTree = "<group>"; };
		225815131D2F274B00F926E4 /* Base */ = {isa = PBXFileReference; lastKnownFileType = file.storyboard; name = Base; path = Base.lproj/SignIn.storyboard; sourceTree = "<group>"; };
		225815151D2F274B00F926E4 /* Assets.xcassets */ = {isa = PBXFileReference; lastKnownFileType = folder.assetcatalog; path = Assets.xcassets; sourceTree = "<group>"; };
		225815181D2F274B00F926E4 /* Base */ = {isa = PBXFileReference; lastKnownFileType = file.storyboard; name = Base; path = Base.lproj/LaunchScreen.storyboard; sourceTree = "<group>"; };
		2258151A1D2F274B00F926E4 /* Info.plist */ = {isa = PBXFileReference; lastKnownFileType = text.plist.xml; path = Info.plist; sourceTree = "<group>"; };
		22852DA01D2F572300AEAF46 /* DispatchViewController.swift */ = {isa = PBXFileReference; fileEncoding = 4; lastKnownFileType = sourcecode.swift; name = DispatchViewController.swift; path = ViewControllers/DispatchViewController.swift; sourceTree = "<group>"; };
		22DB41951D2F5C70002B6A8D /* Base */ = {isa = PBXFileReference; lastKnownFileType = file.storyboard; name = Base; path = Base.lproj/Main.storyboard; sourceTree = "<group>"; };
		22DB41971D2F5F35002B6A8D /* ListingsViewController.swift */ = {isa = PBXFileReference; fileEncoding = 4; lastKnownFileType = sourcecode.swift; name = ListingsViewController.swift; path = ViewControllers/ListingsViewController.swift; sourceTree = "<group>"; };
		22DB419B1D2F605A002B6A8D /* ListingCell.swift */ = {isa = PBXFileReference; fileEncoding = 4; lastKnownFileType = sourcecode.swift; name = ListingCell.swift; path = Views/Cells/ListingCell.swift; sourceTree = "<group>"; };
		81F2ABA27DB84E290E523C91 /* Pods-FeedMe.release.xcconfig */ = {isa = PBXFileReference; includeInIndex = 1; lastKnownFileType = text.xcconfig; name = "Pods-FeedMe.release.xcconfig"; path = "Pods/Target Support Files/Pods-FeedMe/Pods-FeedMe.release.xcconfig"; sourceTree = "<group>"; };
		C5FFCFBA467EC7213BF2375C /* Pods-FeedMe.debug.xcconfig */ = {isa = PBXFileReference; includeInIndex = 1; lastKnownFileType = text.xcconfig; name = "Pods-FeedMe.debug.xcconfig"; path = "Pods/Target Support Files/Pods-FeedMe/Pods-FeedMe.debug.xcconfig"; sourceTree = "<group>"; };
		D4CE8F3F21854C1EA3B21F9B /* Pods_FeedMe.framework */ = {isa = PBXFileReference; explicitFileType = wrapper.framework; includeInIndex = 0; path = Pods_FeedMe.framework; sourceTree = BUILT_PRODUCTS_DIR; };
/* End PBXFileReference section */

/* Begin PBXFrameworksBuildPhase section */
		225815081D2F274A00F926E4 /* Frameworks */ = {
			isa = PBXFrameworksBuildPhase;
			buildActionMask = 2147483647;
			files = (
				4F794DA81FD435969A5D0FF3 /* Pods_FeedMe.framework in Frameworks */,
			);
			runOnlyForDeploymentPostprocessing = 0;
		};
/* End PBXFrameworksBuildPhase section */

/* Begin PBXGroup section */
		220EC2D11D2FAE190003D129 /* Listings */ = {
			isa = PBXGroup;
			children = (
				22DB41971D2F5F35002B6A8D /* ListingsViewController.swift */,
			);
			name = Listings;
			sourceTree = "<group>";
		};
		225815021D2F274A00F926E4 = {
			isa = PBXGroup;
			children = (
				220645F91D2F84DB001D1F4C /* GoogleService-Info.plist */,
				2258150D1D2F274B00F926E4 /* FeedMe */,
				2258150C1D2F274B00F926E4 /* Products */,
				4AA77FA675C019A418E845BF /* Pods */,
				574502A7E8C669C0399FE1A0 /* Frameworks */,
			);
			sourceTree = "<group>";
		};
		2258150C1D2F274B00F926E4 /* Products */ = {
			isa = PBXGroup;
			children = (
				2258150B1D2F274B00F926E4 /* FeedMe.app */,
			);
			name = Products;
			sourceTree = "<group>";
		};
		2258150D1D2F274B00F926E4 /* FeedMe */ = {
			isa = PBXGroup;
			children = (
				22DB41991D2F5FE8002B6A8D /* Views */,
				22DB41931D2F5C21002B6A8D /* Storyboards */,
				22852D9E1D2F568700AEAF46 /* Utils */,
				22852D9D1D2F567E00AEAF46 /* Models */,
				22852D9F1D2F569200AEAF46 /* View Controllers */,
				2258150E1D2F274B00F926E4 /* AppDelegate.swift */,
				225815151D2F274B00F926E4 /* Assets.xcassets */,
				2258151A1D2F274B00F926E4 /* Info.plist */,
			);
			path = FeedMe;
			sourceTree = "<group>";
		};
		22852D9D1D2F567E00AEAF46 /* Models */ = {
			isa = PBXGroup;
			children = (
				220EC2DC1D2FBB7C0003D129 /* User.swift */,
				220645FC1D2F93E1001D1F4C /* Listing.swift */,
				220EC2DA1D2FBB6C0003D129 /* Place.swift */,
				220EC2D81D2FBAE00003D129 /* City.swift */,
			);
			name = Models;
			sourceTree = "<group>";
		};
		22852D9E1D2F568700AEAF46 /* Utils */ = {
			isa = PBXGroup;
			children = (
			);
			name = Utils;
			sourceTree = "<group>";
		};
		22852D9F1D2F569200AEAF46 /* View Controllers */ = {
			isa = PBXGroup;
			children = (
				220EC2D11D2FAE190003D129 /* Listings */,
				22852DA01D2F572300AEAF46 /* DispatchViewController.swift */,
				220645FE1D2F99AD001D1F4C /* TabBarController.swift */,
			);
			name = "View Controllers";
			sourceTree = "<group>";
		};
		22DB41931D2F5C21002B6A8D /* Storyboards */ = {
			isa = PBXGroup;
			children = (
				225815121D2F274B00F926E4 /* SignIn.storyboard */,
				225815171D2F274B00F926E4 /* LaunchScreen.storyboard */,
				22DB41941D2F5C70002B6A8D /* Main.storyboard */,
			);
			name = Storyboards;
			sourceTree = "<group>";
		};
		22DB41991D2F5FE8002B6A8D /* Views */ = {
			isa = PBXGroup;
			children = (
				22DB419A1D2F6004002B6A8D /* Cells */,
			);
			name = Views;
			sourceTree = "<group>";
		};
		22DB419A1D2F6004002B6A8D /* Cells */ = {
			isa = PBXGroup;
			children = (
				22DB419B1D2F605A002B6A8D /* ListingCell.swift */,
			);
			name = Cells;
			sourceTree = "<group>";
		};
		4AA77FA675C019A418E845BF /* Pods */ = {
			isa = PBXGroup;
			children = (
				C5FFCFBA467EC7213BF2375C /* Pods-FeedMe.debug.xcconfig */,
				81F2ABA27DB84E290E523C91 /* Pods-FeedMe.release.xcconfig */,
			);
			name = Pods;
			sourceTree = "<group>";
		};
		574502A7E8C669C0399FE1A0 /* Frameworks */ = {
			isa = PBXGroup;
			children = (
				D4CE8F3F21854C1EA3B21F9B /* Pods_FeedMe.framework */,
			);
			name = Frameworks;
			sourceTree = "<group>";
		};
/* End PBXGroup section */

/* Begin PBXNativeTarget section */
		2258150A1D2F274A00F926E4 /* FeedMe */ = {
			isa = PBXNativeTarget;
			buildConfigurationList = 2258151D1D2F274B00F926E4 /* Build configuration list for PBXNativeTarget "FeedMe" */;
			buildPhases = (
				4F5AE659F52B7D0683DBBE6B /* [CP] Check Pods Manifest.lock */,
				225815071D2F274A00F926E4 /* Sources */,
				225815081D2F274A00F926E4 /* Frameworks */,
				225815091D2F274A00F926E4 /* Resources */,
				365D4B5DC941638C9164E080 /* [CP] Embed Pods Frameworks */,
				9DC4898DB91FA073CDC4672A /* [CP] Copy Pods Resources */,
			);
			buildRules = (
			);
			dependencies = (
			);
			name = FeedMe;
			productName = FeedMe;
			productReference = 2258150B1D2F274B00F926E4 /* FeedMe.app */;
			productType = "com.apple.product-type.application";
		};
/* End PBXNativeTarget section */

/* Begin PBXProject section */
		225815031D2F274A00F926E4 /* Project object */ = {
			isa = PBXProject;
			attributes = {
				LastSwiftUpdateCheck = 0730;
				LastUpgradeCheck = 0730;
				ORGANIZATIONNAME = "Tim Havelka";
				TargetAttributes = {
					2258150A1D2F274A00F926E4 = {
						CreatedOnToolsVersion = 7.3.1;
						DevelopmentTeam = BYW955HHNY;
					};
				};
			};
			buildConfigurationList = 225815061D2F274A00F926E4 /* Build configuration list for PBXProject "FeedMe" */;
			compatibilityVersion = "Xcode 3.2";
			developmentRegion = English;
			hasScannedForEncodings = 0;
			knownRegions = (
				en,
				Base,
			);
			mainGroup = 225815021D2F274A00F926E4;
			productRefGroup = 2258150C1D2F274B00F926E4 /* Products */;
			projectDirPath = "";
			projectRoot = "";
			targets = (
				2258150A1D2F274A00F926E4 /* FeedMe */,
			);
		};
/* End PBXProject section */

/* Begin PBXResourcesBuildPhase section */
		225815091D2F274A00F926E4 /* Resources */ = {
			isa = PBXResourcesBuildPhase;
			buildActionMask = 2147483647;
			files = (
				225815191D2F274B00F926E4 /* LaunchScreen.storyboard in Resources */,
				225815161D2F274B00F926E4 /* Assets.xcassets in Resources */,
				220645FA1D2F84DB001D1F4C /* GoogleService-Info.plist in Resources */,
				225815141D2F274B00F926E4 /* SignIn.storyboard in Resources */,
				22DB41961D2F5C70002B6A8D /* Main.storyboard in Resources */,
			);
			runOnlyForDeploymentPostprocessing = 0;
		};
/* End PBXResourcesBuildPhase section */

/* Begin PBXShellScriptBuildPhase section */
		365D4B5DC941638C9164E080 /* [CP] Embed Pods Frameworks */ = {
			isa = PBXShellScriptBuildPhase;
			buildActionMask = 2147483647;
			files = (
			);
			inputPaths = (
			);
			name = "[CP] Embed Pods Frameworks";
			outputPaths = (
			);
			runOnlyForDeploymentPostprocessing = 0;
			shellPath = /bin/sh;
			shellScript = "\"${SRCROOT}/Pods/Target Support Files/Pods-FeedMe/Pods-FeedMe-frameworks.sh\"\n";
			showEnvVarsInLog = 0;
		};
		4F5AE659F52B7D0683DBBE6B /* [CP] Check Pods Manifest.lock */ = {
			isa = PBXShellScriptBuildPhase;
			buildActionMask = 2147483647;
			files = (
			);
			inputPaths = (
			);
			name = "[CP] Check Pods Manifest.lock";
			outputPaths = (
			);
			runOnlyForDeploymentPostprocessing = 0;
			shellPath = /bin/sh;
			shellScript = "diff \"${PODS_ROOT}/../Podfile.lock\" \"${PODS_ROOT}/Manifest.lock\" > /dev/null\nif [[ $? != 0 ]] ; then\n    cat << EOM\nerror: The sandbox is not in sync with the Podfile.lock. Run 'pod install' or update your CocoaPods installation.\nEOM\n    exit 1\nfi\n";
			showEnvVarsInLog = 0;
		};
		9DC4898DB91FA073CDC4672A /* [CP] Copy Pods Resources */ = {
			isa = PBXShellScriptBuildPhase;
			buildActionMask = 2147483647;
			files = (
			);
			inputPaths = (
			);
			name = "[CP] Copy Pods Resources";
			outputPaths = (
			);
			runOnlyForDeploymentPostprocessing = 0;
			shellPath = /bin/sh;
			shellScript = "\"${SRCROOT}/Pods/Target Support Files/Pods-FeedMe/Pods-FeedMe-resources.sh\"\n";
			showEnvVarsInLog = 0;
		};
/* End PBXShellScriptBuildPhase section */

/* Begin PBXSourcesBuildPhase section */
		225815071D2F274A00F926E4 /* Sources */ = {
			isa = PBXSourcesBuildPhase;
			buildActionMask = 2147483647;
			files = (
				2258150F1D2F274B00F926E4 /* AppDelegate.swift in Sources */,
				22DB419C1D2F605A002B6A8D /* ListingCell.swift in Sources */,
				220EC2D91D2FBAE00003D129 /* City.swift in Sources */,
				220645FD1D2F93E1001D1F4C /* Listing.swift in Sources */,
				220645FF1D2F99AD001D1F4C /* TabBarController.swift in Sources */,
				22852DA11D2F572300AEAF46 /* DispatchViewController.swift in Sources */,
				22DB41981D2F5F35002B6A8D /* ListingsViewController.swift in Sources */,
				220EC2DB1D2FBB6C0003D129 /* Place.swift in Sources */,
				220EC2DD1D2FBB7C0003D129 /* User.swift in Sources */,
			);
			runOnlyForDeploymentPostprocessing = 0;
		};
/* End PBXSourcesBuildPhase section */

/* Begin PBXVariantGroup section */
		225815121D2F274B00F926E4 /* SignIn.storyboard */ = {
			isa = PBXVariantGroup;
			children = (
				225815131D2F274B00F926E4 /* Base */,
			);
			name = SignIn.storyboard;
			sourceTree = "<group>";
		};
		225815171D2F274B00F926E4 /* LaunchScreen.storyboard */ = {
			isa = PBXVariantGroup;
			children = (
				225815181D2F274B00F926E4 /* Base */,
			);
			name = LaunchScreen.storyboard;
			sourceTree = "<group>";
		};
		22DB41941D2F5C70002B6A8D /* Main.storyboard */ = {
			isa = PBXVariantGroup;
			children = (
				22DB41951D2F5C70002B6A8D /* Base */,
			);
			name = Main.storyboard;
			sourceTree = "<group>";
		};
/* End PBXVariantGroup section */

/* Begin XCBuildConfiguration section */
		2258151B1D2F274B00F926E4 /* Debug */ = {
			isa = XCBuildConfiguration;
			buildSettings = {
				ALWAYS_SEARCH_USER_PATHS = NO;
				CLANG_ANALYZER_NONNULL = YES;
				CLANG_CXX_LANGUAGE_STANDARD = "gnu++0x";
				CLANG_CXX_LIBRARY = "libc++";
				CLANG_ENABLE_MODULES = YES;
				CLANG_ENABLE_OBJC_ARC = YES;
				CLANG_WARN_BOOL_CONVERSION = YES;
				CLANG_WARN_CONSTANT_CONVERSION = YES;
				CLANG_WARN_DIRECT_OBJC_ISA_USAGE = YES_ERROR;
				CLANG_WARN_EMPTY_BODY = YES;
				CLANG_WARN_ENUM_CONVERSION = YES;
				CLANG_WARN_INT_CONVERSION = YES;
				CLANG_WARN_OBJC_ROOT_CLASS = YES_ERROR;
				CLANG_WARN_UNREACHABLE_CODE = YES;
				CLANG_WARN__DUPLICATE_METHOD_MATCH = YES;
				"CODE_SIGN_IDENTITY[sdk=iphoneos*]" = "iPhone Developer";
				COPY_PHASE_STRIP = NO;
				DEBUG_INFORMATION_FORMAT = dwarf;
				ENABLE_STRICT_OBJC_MSGSEND = YES;
				ENABLE_TESTABILITY = YES;
				GCC_C_LANGUAGE_STANDARD = gnu99;
				GCC_DYNAMIC_NO_PIC = NO;
				GCC_NO_COMMON_BLOCKS = YES;
				GCC_OPTIMIZATION_LEVEL = 0;
				GCC_PREPROCESSOR_DEFINITIONS = (
					"DEBUG=1",
					"$(inherited)",
				);
				GCC_WARN_64_TO_32_BIT_CONVERSION = YES;
				GCC_WARN_ABOUT_RETURN_TYPE = YES_ERROR;
				GCC_WARN_UNDECLARED_SELECTOR = YES;
				GCC_WARN_UNINITIALIZED_AUTOS = YES_AGGRESSIVE;
				GCC_WARN_UNUSED_FUNCTION = YES;
				GCC_WARN_UNUSED_VARIABLE = YES;
				IPHONEOS_DEPLOYMENT_TARGET = 9.3;
				MTL_ENABLE_DEBUG_INFO = YES;
				ONLY_ACTIVE_ARCH = YES;
				SDKROOT = iphoneos;
				SWIFT_OPTIMIZATION_LEVEL = "-Onone";
			};
			name = Debug;
		};
		2258151C1D2F274B00F926E4 /* Release */ = {
			isa = XCBuildConfiguration;
			buildSettings = {
				ALWAYS_SEARCH_USER_PATHS = NO;
				CLANG_ANALYZER_NONNULL = YES;
				CLANG_CXX_LANGUAGE_STANDARD = "gnu++0x";
				CLANG_CXX_LIBRARY = "libc++";
				CLANG_ENABLE_MODULES = YES;
				CLANG_ENABLE_OBJC_ARC = YES;
				CLANG_WARN_BOOL_CONVERSION = YES;
				CLANG_WARN_CONSTANT_CONVERSION = YES;
				CLANG_WARN_DIRECT_OBJC_ISA_USAGE = YES_ERROR;
				CLANG_WARN_EMPTY_BODY = YES;
				CLANG_WARN_ENUM_CONVERSION = YES;
				CLANG_WARN_INT_CONVERSION = YES;
				CLANG_WARN_OBJC_ROOT_CLASS = YES_ERROR;
				CLANG_WARN_UNREACHABLE_CODE = YES;
				CLANG_WARN__DUPLICATE_METHOD_MATCH = YES;
				"CODE_SIGN_IDENTITY[sdk=iphoneos*]" = "iPhone Developer";
				COPY_PHASE_STRIP = NO;
				DEBUG_INFORMATION_FORMAT = "dwarf-with-dsym";
				ENABLE_NS_ASSERTIONS = NO;
				ENABLE_STRICT_OBJC_MSGSEND = YES;
				GCC_C_LANGUAGE_STANDARD = gnu99;
				GCC_NO_COMMON_BLOCKS = YES;
				GCC_WARN_64_TO_32_BIT_CONVERSION = YES;
				GCC_WARN_ABOUT_RETURN_TYPE = YES_ERROR;
				GCC_WARN_UNDECLARED_SELECTOR = YES;
				GCC_WARN_UNINITIALIZED_AUTOS = YES_AGGRESSIVE;
				GCC_WARN_UNUSED_FUNCTION = YES;
				GCC_WARN_UNUSED_VARIABLE = YES;
				IPHONEOS_DEPLOYMENT_TARGET = 9.3;
				MTL_ENABLE_DEBUG_INFO = NO;
				SDKROOT = iphoneos;
				VALIDATE_PRODUCT = YES;
			};
			name = Release;
		};
		2258151E1D2F274B00F926E4 /* Debug */ = {
			isa = XCBuildConfiguration;
			baseConfigurationReference = C5FFCFBA467EC7213BF2375C /* Pods-FeedMe.debug.xcconfig */;
			buildSettings = {
				ASSETCATALOG_COMPILER_APPICON_NAME = AppIcon;
				CODE_SIGN_IDENTITY = "iPhone Developer";
				INFOPLIST_FILE = FeedMe/Info.plist;
				LD_RUNPATH_SEARCH_PATHS = "$(inherited) @executable_path/Frameworks";
				PRODUCT_BUNDLE_IDENTIFIER = com.thavelka.FeedMe;
				PRODUCT_NAME = "$(TARGET_NAME)";
				TARGETED_DEVICE_FAMILY = "1,2";
			};
			name = Debug;
		};
		2258151F1D2F274B00F926E4 /* Release */ = {
			isa = XCBuildConfiguration;
			baseConfigurationReference = 81F2ABA27DB84E290E523C91 /* Pods-FeedMe.release.xcconfig */;
			buildSettings = {
				ASSETCATALOG_COMPILER_APPICON_NAME = AppIcon;
				CODE_SIGN_IDENTITY = "iPhone Developer";
				INFOPLIST_FILE = FeedMe/Info.plist;
				LD_RUNPATH_SEARCH_PATHS = "$(inherited) @executable_path/Frameworks";
				PRODUCT_BUNDLE_IDENTIFIER = com.thavelka.FeedMe;
				PRODUCT_NAME = "$(TARGET_NAME)";
				TARGETED_DEVICE_FAMILY = "1,2";
			};
			name = Release;
		};
/* End XCBuildConfiguration section */

/* Begin XCConfigurationList section */
		225815061D2F274A00F926E4 /* Build configuration list for PBXProject "FeedMe" */ = {
			isa = XCConfigurationList;
			buildConfigurations = (
				2258151B1D2F274B00F926E4 /* Debug */,
				2258151C1D2F274B00F926E4 /* Release */,
			);
			defaultConfigurationIsVisible = 0;
			defaultConfigurationName = Release;
		};
		2258151D1D2F274B00F926E4 /* Build configuration list for PBXNativeTarget "FeedMe" */ = {
			isa = XCConfigurationList;
			buildConfigurations = (
				2258151E1D2F274B00F926E4 /* Debug */,
				2258151F1D2F274B00F926E4 /* Release */,
			);
			defaultConfigurationIsVisible = 0;
			defaultConfigurationName = Release;
		};
/* End XCConfigurationList section */
	};
	rootObject = 225815031D2F274A00F926E4 /* Project object */;
}
